
Microsoft Visual Studio Solution File, Format Version 12.00
Project("{2150E333-8FDC-42A3-9474-1A3956D46DE8}") = "src", "src", "{4832FE58-B6BC-480F-BEED-6E1335612A61}"
EndProject
Project("{2150E333-8FDC-42A3-9474-1A3956D46DE8}") = "Services", "Services", "{D1508064-AC1B-473B-B659-E6512671F951}"
EndProject
Project("{2150E333-8FDC-42A3-9474-1A3956D46DE8}") = "DriverService", "DriverService", "{F877130A-B3D9-4C1E-BCD6-95C9960B0A94}"
EndProject
Project("{2150E333-8FDC-42A3-9474-1A3956D46DE8}") = "API", "API", "{4BDBBE40-7567-4458-8BA9-8482D389DCBD}"
EndProject
Project("{2150E333-8FDC-42A3-9474-1A3956D46DE8}") = "Core", "Core", "{467FEC06-0408-4606-897D-B87A6362F7A5}"
EndProject
Project("{2150E333-8FDC-42A3-9474-1A3956D46DE8}") = "Infrastructure", "Infrastructure", "{55DE5DB9-38FE-4BC2-B375-4FB4B3492034}"
EndProject
Project("{FAE04EC0-301F-11D3-BF4B-00C04F79EFBC}") = "DriverService.Api", "src\Services\DriverService\API\DriverService.Api\DriverService.Api.csproj", "{7467D75F-1F53-4180-8614-F42E3B135D3D}"
EndProject
Project("{2150E333-8FDC-42A3-9474-1A3956D46DE8}") = "VehicleService", "VehicleService", "{4EAA475E-DA25-41B1-A206-F3343963CAA0}"
EndProject
Project("{2150E333-8FDC-42A3-9474-1A3956D46DE8}") = "API", "API", "{953E1129-417F-4959-8C29-8E4CEDA70C07}"
EndProject
Project("{2150E333-8FDC-42A3-9474-1A3956D46DE8}") = "Core", "Core", "{7486C0C9-896A-4961-87F9-0064152655B8}"
EndProject
Project("{2150E333-8FDC-42A3-9474-1A3956D46DE8}") = "Infrastructure", "Infrastructure", "{ECF4DDD3-C6D1-4C8D-A8C7-E15F3736D2EC}"
EndProject
Project("{FAE04EC0-301F-11D3-BF4B-00C04F79EFBC}") = "VehicleService.Api", "src\Services\VehicleService\API\VehicleService.Api\VehicleService.Api.csproj", "{5F1CC649-BB4A-40D8-B2C1-EB9E147ADB6F}"
EndProject
Project("{2150E333-8FDC-42A3-9474-1A3956D46DE8}") = "tests", "tests", "{6CF03E11-3BA0-4BB5-A893-83A84F085C45}"
EndProject
Global
	GlobalSection(SolutionConfigurationPlatforms) = preSolution
		Debug|Any CPU = Debug|Any CPU
		Release|Any CPU = Release|Any CPU
	EndGlobalSection
	GlobalSection(NestedProjects) = preSolution
		{D1508064-AC1B-473B-B659-E6512671F951} = {4832FE58-B6BC-480F-BEED-6E1335612A61}
		{F877130A-B3D9-4C1E-BCD6-95C9960B0A94} = {D1508064-AC1B-473B-B659-E6512671F951}
		{4BDBBE40-7567-4458-8BA9-8482D389DCBD} = {F877130A-B3D9-4C1E-BCD6-95C9960B0A94}
		{467FEC06-0408-4606-897D-B87A6362F7A5} = {F877130A-B3D9-4C1E-BCD6-95C9960B0A94}
		{55DE5DB9-38FE-4BC2-B375-4FB4B3492034} = {F877130A-B3D9-4C1E-BCD6-95C9960B0A94}
		{7467D75F-1F53-4180-8614-F42E3B135D3D} = {4BDBBE40-7567-4458-8BA9-8482D389DCBD}
		{4EAA475E-DA25-41B1-A206-F3343963CAA0} = {D1508064-AC1B-473B-B659-E6512671F951}
		{953E1129-417F-4959-8C29-8E4CEDA70C07} = {4EAA475E-DA25-41B1-A206-F3343963CAA0}
		{7486C0C9-896A-4961-87F9-0064152655B8} = {4EAA475E-DA25-41B1-A206-F3343963CAA0}
		{ECF4DDD3-C6D1-4C8D-A8C7-E15F3736D2EC} = {4EAA475E-DA25-41B1-A206-F3343963CAA0}
		{5F1CC649-BB4A-40D8-B2C1-EB9E147ADB6F} = {953E1129-417F-4959-8C29-8E4CEDA70C07}
	EndGlobalSection
	GlobalSection(ProjectConfigurationPlatforms) = postSolution
		{7467D75F-1F53-4180-8614-F42E3B135D3D}.Debug|Any CPU.ActiveCfg = Debug|Any CPU
		{7467D75F-1F53-4180-8614-F42E3B135D3D}.Debug|Any CPU.Build.0 = Debug|Any CPU
		{7467D75F-1F53-4180-8614-F42E3B135D3D}.Release|Any CPU.ActiveCfg = Release|Any CPU
		{7467D75F-1F53-4180-8614-F42E3B135D3D}.Release|Any CPU.Build.0 = Release|Any CPU
		{5F1CC649-BB4A-40D8-B2C1-EB9E147ADB6F}.Debug|Any CPU.ActiveCfg = Debug|Any CPU
		{5F1CC649-BB4A-40D8-B2C1-EB9E147ADB6F}.Debug|Any CPU.Build.0 = Debug|Any CPU
		{5F1CC649-BB4A-40D8-B2C1-EB9E147ADB6F}.Release|Any CPU.ActiveCfg = Release|Any CPU
		{5F1CC649-BB4A-40D8-B2C1-EB9E147ADB6F}.Release|Any CPU.Build.0 = Release|Any CPU
	EndGlobalSection
EndGlobal
