
Microsoft Visual Studio Solution File, Format Version 12.00
Project("{2150E333-8FDC-42A3-9474-1A3956D46DE8}") = "src", "src", "{4832FE58-B6BC-480F-BEED-6E1335612A61}"
EndProject
Project("{2150E333-8FDC-42A3-9474-1A3956D46DE8}") = "Services", "Services", "{D1508064-AC1B-473B-B659-E6512671F951}"
EndProject
Project("{2150E333-8FDC-42A3-9474-1A3956D46DE8}") = "DriverService", "DriverService", "{F877130A-B3D9-4C1E-BCD6-95C9960B0A94}"
EndProject
Project("{2150E333-8FDC-42A3-9474-1A3956D46DE8}") = "API", "API", "{4BDBBE40-7567-4458-8BA9-8482D389DCBD}"
EndProject
Project("{2150E333-8FDC-42A3-9474-1A3956D46DE8}") = "Core", "Core", "{467FEC06-0408-4606-897D-B87A6362F7A5}"
EndProject
Project("{2150E333-8FDC-42A3-9474-1A3956D46DE8}") = "Infrastructure", "Infrastructure", "{55DE5DB9-38FE-4BC2-B375-4FB4B3492034}"
EndProject
Project("{FAE04EC0-301F-11D3-BF4B-00C04F79EFBC}") = "DriverService.Api", "src\Services\DriverService\API\DriverService.Api\DriverService.Api.csproj", "{7467D75F-1F53-4180-8614-F42E3B135D3D}"
EndProject
Project("{2150E333-8FDC-42A3-9474-1A3956D46DE8}") = "VehicleService", "VehicleService", "{4EAA475E-DA25-41B1-A206-F3343963CAA0}"
EndProject
Project("{2150E333-8FDC-42A3-9474-1A3956D46DE8}") = "API", "API", "{953E1129-417F-4959-8C29-8E4CEDA70C07}"
EndProject
Project("{2150E333-8FDC-42A3-9474-1A3956D46DE8}") = "Core", "Core", "{7486C0C9-896A-4961-87F9-0064152655B8}"
EndProject
Project("{2150E333-8FDC-42A3-9474-1A3956D46DE8}") = "Infrastructure", "Infrastructure", "{ECF4DDD3-C6D1-4C8D-A8C7-E15F3736D2EC}"
EndProject
Project("{FAE04EC0-301F-11D3-BF4B-00C04F79EFBC}") = "VehicleService.Api", "src\Services\VehicleService\API\VehicleService.Api\VehicleService.Api.csproj", "{5F1CC649-BB4A-40D8-B2C1-EB9E147ADB6F}"
EndProject
Project("{2150E333-8FDC-42A3-9474-1A3956D46DE8}") = "tests", "tests", "{6CF03E11-3BA0-4BB5-A893-83A84F085C45}"
EndProject
Project("{FAE04EC0-301F-11D3-BF4B-00C04F79EFBC}") = "DriverService.Application", "src\Services\DriverService\Core\DriverService.Application\DriverService.Application.csproj", "{47D157DB-D507-44D4-8C45-43236B942FF2}"
EndProject
Project("{FAE04EC0-301F-11D3-BF4B-00C04F79EFBC}") = "DriverService.Persistence", "src\Services\DriverService\Infrastructure\DriverService.Persistence\DriverService.Persistence.csproj", "{063B4945-3071-4707-83D3-5B5DC32A1653}"
EndProject
Project("{FAE04EC0-301F-11D3-BF4B-00C04F79EFBC}") = "DriverService.Domain", "src\Services\DriverService\Core\DriverService.Domain\DriverService.Domain.csproj", "{2DC26140-4267-4AB3-9561-5B2736EFA749}"
EndProject
Project("{2150E333-8FDC-42A3-9474-1A3956D46DE8}") = "Shared", "Shared", "{05AF0B69-02A9-4202-957D-169124B28F88}"
EndProject
Project("{FAE04EC0-301F-11D3-BF4B-00C04F79EFBC}") = "Services.Core", "src\Services\Shared\Services.Core\Services.Core.csproj", "{B56E326B-C29A-424E-876D-91847E6C4C2E}"
EndProject
Project("{2150E333-8FDC-42A3-9474-1A3956D46DE8}") = "AccountService", "AccountService", "{65F1A6D8-B641-4D7B-9CDC-72D1089869A5}"
EndProject
Project("{2150E333-8FDC-42A3-9474-1A3956D46DE8}") = "API", "API", "{B53BFC60-2F7D-4743-B998-D510231B95EE}"
EndProject
Project("{2150E333-8FDC-42A3-9474-1A3956D46DE8}") = "Core", "Core", "{2B1C2334-47B3-4110-89F5-A409567358CC}"
EndProject
Project("{2150E333-8FDC-42A3-9474-1A3956D46DE8}") = "Infrastructure", "Infrastructure", "{53967F77-20E4-4858-A4E4-32CAFA64F1BA}"
EndProject
Project("{FAE04EC0-301F-11D3-BF4B-00C04F79EFBC}") = "AccountService.Api", "src\Services\AccountService\API\AccountService.Api\AccountService.Api.csproj", "{BCD75A99-F1D5-414C-B601-CB0A3D7FCC9E}"
EndProject
Project("{FAE04EC0-301F-11D3-BF4B-00C04F79EFBC}") = "AccountService.Application", "src\Services\AccountService\Core\AccountService.Application\AccountService.Application.csproj", "{4AEFD9B6-D8F4-4FB8-B635-7E87D0C7918C}"
EndProject
Project("{2150E333-8FDC-42A3-9474-1A3956D46DE8}") = "SearchService", "SearchService", "{FCD7E645-90D8-408F-8536-2452F806AE42}"
EndProject
Project("{FAE04EC0-301F-11D3-BF4B-00C04F79EFBC}") = "SearchService.Api", "src\Services\SearchService\API\SearchService.Api\SearchService.Api.csproj", "{EE0D2FB0-06F2-438D-8937-7BFE3F3D4BA6}"
EndProject
Project("{2150E333-8FDC-42A3-9474-1A3956D46DE8}") = "ReportService", "ReportService", "{CCEB62DB-F3E2-4AFB-A5CC-EF6B401828B5}"
EndProject
Project("{2150E333-8FDC-42A3-9474-1A3956D46DE8}") = "IdentityService", "IdentityService", "{879FD142-BFA2-46D3-9C45-922CCBB35E9A}"
EndProject
Project("{2150E333-8FDC-42A3-9474-1A3956D46DE8}") = "ChecklistService", "ChecklistService", "{53C1470B-20C2-4480-8FDD-23A0F5D35953}"
EndProject
Global
	GlobalSection(SolutionConfigurationPlatforms) = preSolution
		Debug|Any CPU = Debug|Any CPU
		Release|Any CPU = Release|Any CPU
	EndGlobalSection
	GlobalSection(NestedProjects) = preSolution
		{D1508064-AC1B-473B-B659-E6512671F951} = {4832FE58-B6BC-480F-BEED-6E1335612A61}
		{F877130A-B3D9-4C1E-BCD6-95C9960B0A94} = {D1508064-AC1B-473B-B659-E6512671F951}
		{4BDBBE40-7567-4458-8BA9-8482D389DCBD} = {F877130A-B3D9-4C1E-BCD6-95C9960B0A94}
		{467FEC06-0408-4606-897D-B87A6362F7A5} = {F877130A-B3D9-4C1E-BCD6-95C9960B0A94}
		{55DE5DB9-38FE-4BC2-B375-4FB4B3492034} = {F877130A-B3D9-4C1E-BCD6-95C9960B0A94}
		{7467D75F-1F53-4180-8614-F42E3B135D3D} = {4BDBBE40-7567-4458-8BA9-8482D389DCBD}
		{4EAA475E-DA25-41B1-A206-F3343963CAA0} = {D1508064-AC1B-473B-B659-E6512671F951}
		{953E1129-417F-4959-8C29-8E4CEDA70C07} = {4EAA475E-DA25-41B1-A206-F3343963CAA0}
		{7486C0C9-896A-4961-87F9-0064152655B8} = {4EAA475E-DA25-41B1-A206-F3343963CAA0}
		{ECF4DDD3-C6D1-4C8D-A8C7-E15F3736D2EC} = {4EAA475E-DA25-41B1-A206-F3343963CAA0}
		{5F1CC649-BB4A-40D8-B2C1-EB9E147ADB6F} = {953E1129-417F-4959-8C29-8E4CEDA70C07}
		{47D157DB-D507-44D4-8C45-43236B942FF2} = {467FEC06-0408-4606-897D-B87A6362F7A5}
		{063B4945-3071-4707-83D3-5B5DC32A1653} = {55DE5DB9-38FE-4BC2-B375-4FB4B3492034}
		{2DC26140-4267-4AB3-9561-5B2736EFA749} = {467FEC06-0408-4606-897D-B87A6362F7A5}
		{B56E326B-C29A-424E-876D-91847E6C4C2E} = {05AF0B69-02A9-4202-957D-169124B28F88}
		{65F1A6D8-B641-4D7B-9CDC-72D1089869A5} = {D1508064-AC1B-473B-B659-E6512671F951}
		{B53BFC60-2F7D-4743-B998-D510231B95EE} = {65F1A6D8-B641-4D7B-9CDC-72D1089869A5}
		{2B1C2334-47B3-4110-89F5-A409567358CC} = {65F1A6D8-B641-4D7B-9CDC-72D1089869A5}
		{53967F77-20E4-4858-A4E4-32CAFA64F1BA} = {65F1A6D8-B641-4D7B-9CDC-72D1089869A5}
		{BCD75A99-F1D5-414C-B601-CB0A3D7FCC9E} = {B53BFC60-2F7D-4743-B998-D510231B95EE}
		{4AEFD9B6-D8F4-4FB8-B635-7E87D0C7918C} = {2B1C2334-47B3-4110-89F5-A409567358CC}
		{FCD7E645-90D8-408F-8536-2452F806AE42} = {D1508064-AC1B-473B-B659-E6512671F951}
		{EE0D2FB0-06F2-438D-8937-7BFE3F3D4BA6} = {FCD7E645-90D8-408F-8536-2452F806AE42}
		{05AF0B69-02A9-4202-957D-169124B28F88} = {4832FE58-B6BC-480F-BEED-6E1335612A61}
		{CCEB62DB-F3E2-4AFB-A5CC-EF6B401828B5} = {D1508064-AC1B-473B-B659-E6512671F951}
		{879FD142-BFA2-46D3-9C45-922CCBB35E9A} = {D1508064-AC1B-473B-B659-E6512671F951}
		{53C1470B-20C2-4480-8FDD-23A0F5D35953} = {D1508064-AC1B-473B-B659-E6512671F951}
	EndGlobalSection
	GlobalSection(ProjectConfigurationPlatforms) = postSolution
		{7467D75F-1F53-4180-8614-F42E3B135D3D}.Debug|Any CPU.ActiveCfg = Debug|Any CPU
		{7467D75F-1F53-4180-8614-F42E3B135D3D}.Debug|Any CPU.Build.0 = Debug|Any CPU
		{7467D75F-1F53-4180-8614-F42E3B135D3D}.Release|Any CPU.ActiveCfg = Release|Any CPU
		{7467D75F-1F53-4180-8614-F42E3B135D3D}.Release|Any CPU.Build.0 = Release|Any CPU
		{5F1CC649-BB4A-40D8-B2C1-EB9E147ADB6F}.Debug|Any CPU.ActiveCfg = Debug|Any CPU
		{5F1CC649-BB4A-40D8-B2C1-EB9E147ADB6F}.Debug|Any CPU.Build.0 = Debug|Any CPU
		{5F1CC649-BB4A-40D8-B2C1-EB9E147ADB6F}.Release|Any CPU.ActiveCfg = Release|Any CPU
		{5F1CC649-BB4A-40D8-B2C1-EB9E147ADB6F}.Release|Any CPU.Build.0 = Release|Any CPU
		{47D157DB-D507-44D4-8C45-43236B942FF2}.Debug|Any CPU.ActiveCfg = Debug|Any CPU
		{47D157DB-D507-44D4-8C45-43236B942FF2}.Debug|Any CPU.Build.0 = Debug|Any CPU
		{47D157DB-D507-44D4-8C45-43236B942FF2}.Release|Any CPU.ActiveCfg = Release|Any CPU
		{47D157DB-D507-44D4-8C45-43236B942FF2}.Release|Any CPU.Build.0 = Release|Any CPU
		{063B4945-3071-4707-83D3-5B5DC32A1653}.Debug|Any CPU.ActiveCfg = Debug|Any CPU
		{063B4945-3071-4707-83D3-5B5DC32A1653}.Debug|Any CPU.Build.0 = Debug|Any CPU
		{063B4945-3071-4707-83D3-5B5DC32A1653}.Release|Any CPU.ActiveCfg = Release|Any CPU
		{063B4945-3071-4707-83D3-5B5DC32A1653}.Release|Any CPU.Build.0 = Release|Any CPU
		{2DC26140-4267-4AB3-9561-5B2736EFA749}.Debug|Any CPU.ActiveCfg = Debug|Any CPU
		{2DC26140-4267-4AB3-9561-5B2736EFA749}.Debug|Any CPU.Build.0 = Debug|Any CPU
		{2DC26140-4267-4AB3-9561-5B2736EFA749}.Release|Any CPU.ActiveCfg = Release|Any CPU
		{2DC26140-4267-4AB3-9561-5B2736EFA749}.Release|Any CPU.Build.0 = Release|Any CPU
		{B56E326B-C29A-424E-876D-91847E6C4C2E}.Debug|Any CPU.ActiveCfg = Debug|Any CPU
		{B56E326B-C29A-424E-876D-91847E6C4C2E}.Debug|Any CPU.Build.0 = Debug|Any CPU
		{B56E326B-C29A-424E-876D-91847E6C4C2E}.Release|Any CPU.ActiveCfg = Release|Any CPU
		{B56E326B-C29A-424E-876D-91847E6C4C2E}.Release|Any CPU.Build.0 = Release|Any CPU
		{BCD75A99-F1D5-414C-B601-CB0A3D7FCC9E}.Debug|Any CPU.ActiveCfg = Debug|Any CPU
		{BCD75A99-F1D5-414C-B601-CB0A3D7FCC9E}.Debug|Any CPU.Build.0 = Debug|Any CPU
		{BCD75A99-F1D5-414C-B601-CB0A3D7FCC9E}.Release|Any CPU.ActiveCfg = Release|Any CPU
		{BCD75A99-F1D5-414C-B601-CB0A3D7FCC9E}.Release|Any CPU.Build.0 = Release|Any CPU
		{4AEFD9B6-D8F4-4FB8-B635-7E87D0C7918C}.Debug|Any CPU.ActiveCfg = Debug|Any CPU
		{4AEFD9B6-D8F4-4FB8-B635-7E87D0C7918C}.Debug|Any CPU.Build.0 = Debug|Any CPU
		{4AEFD9B6-D8F4-4FB8-B635-7E87D0C7918C}.Release|Any CPU.ActiveCfg = Release|Any CPU
		{4AEFD9B6-D8F4-4FB8-B635-7E87D0C7918C}.Release|Any CPU.Build.0 = Release|Any CPU
		{EE0D2FB0-06F2-438D-8937-7BFE3F3D4BA6}.Debug|Any CPU.ActiveCfg = Debug|Any CPU
		{EE0D2FB0-06F2-438D-8937-7BFE3F3D4BA6}.Debug|Any CPU.Build.0 = Debug|Any CPU
		{EE0D2FB0-06F2-438D-8937-7BFE3F3D4BA6}.Release|Any CPU.ActiveCfg = Release|Any CPU
		{EE0D2FB0-06F2-438D-8937-7BFE3F3D4BA6}.Release|Any CPU.Build.0 = Release|Any CPU
	EndGlobalSection
EndGlobal
